
Microsoft Visual Studio Solution File, Format Version 12.00
# Visual Studio 15
VisualStudioVersion = 15.0.28307.329
MinimumVisualStudioVersion = 10.0.40219.1
Project("{FAE04EC0-301F-11D3-BF4B-00C04F79EFBC}") = "ARRAYS", "ARRAYS\ARRAYS.csproj", "{AE911A62-D294-439C-B277-023FE219D790}"
EndProject
Global
	GlobalSection(SolutionConfigurationPlatforms) = preSolution
		Debug|Any CPU = Debug|Any CPU
		Release|Any CPU = Release|Any CPU
	EndGlobalSection
	GlobalSection(ProjectConfigurationPlatforms) = postSolution
		{AE911A62-D294-439C-B277-023FE219D790}.Debug|Any CPU.ActiveCfg = Debug|Any CPU
		{AE911A62-D294-439C-B277-023FE219D790}.Debug|Any CPU.Build.0 = Debug|Any CPU
		{AE911A62-D294-439C-B277-023FE219D790}.Release|Any CPU.ActiveCfg = Release|Any CPU
		{AE911A62-D294-439C-B277-023FE219D790}.Release|Any CPU.Build.0 = Release|Any CPU
	EndGlobalSection
	GlobalSection(SolutionProperties) = preSolution
		HideSolutionNode = FALSE
	EndGlobalSection
	GlobalSection(ExtensibilityGlobals) = postSolution
		SolutionGuid = {ADB4EECA-19EF-46F0-A612-D93BA70C4396}
	EndGlobalSection
EndGlobal
